
Microsoft Visual Studio Solution File, Format Version 12.00
# Visual Studio 15
Project("{FAE04EC0-301F-11D3-BF4B-00C04F79EFBC}") = "sela_c_sharp", "sela_c_sharp\sela_c_sharp.csproj", "{2CC1E676-563B-421D-922B-3062BCBAB10B}"
EndProject
Project("{FAE04EC0-301F-11D3-BF4B-00C04F79EFBC}") = "loops", "loops\loops.csproj", "{12D664F7-B517-4AA4-A1A4-BCC33F03445A}"
EndProject
Project("{FAE04EC0-301F-11D3-BF4B-00C04F79EFBC}") = "conditions", "conditions\conditions.csproj", "{8C61B219-D3FD-42E6-B3F1-06B665CBDFC0}"
EndProject
Global
	GlobalSection(SolutionConfigurationPlatforms) = preSolution
		Debug|anycpu = Debug|anycpu
		Release|anycpu = Release|anycpu
	EndGlobalSection
	GlobalSection(ProjectConfigurationPlatforms) = postSolution
		{2CC1E676-563B-421D-922B-3062BCBAB10B}.Debug|anycpu.ActiveCfg = Debug|anycpu
		{2CC1E676-563B-421D-922B-3062BCBAB10B}.Debug|anycpu.Build.0 = Debug|anycpu
		{2CC1E676-563B-421D-922B-3062BCBAB10B}.Release|anycpu.ActiveCfg = Release|anycpu
		{2CC1E676-563B-421D-922B-3062BCBAB10B}.Release|anycpu.Build.0 = Release|anycpu
		{12D664F7-B517-4AA4-A1A4-BCC33F03445A}.Debug|anycpu.ActiveCfg = Debug|anycpu
		{12D664F7-B517-4AA4-A1A4-BCC33F03445A}.Debug|anycpu.Build.0 = Debug|anycpu
		{12D664F7-B517-4AA4-A1A4-BCC33F03445A}.Release|anycpu.ActiveCfg = Release|anycpu
		{12D664F7-B517-4AA4-A1A4-BCC33F03445A}.Release|anycpu.Build.0 = Release|anycpu
		{8C61B219-D3FD-42E6-B3F1-06B665CBDFC0}.Debug|anycpu.ActiveCfg = Debug|anycpu
		{8C61B219-D3FD-42E6-B3F1-06B665CBDFC0}.Debug|anycpu.Build.0 = Debug|anycpu
		{8C61B219-D3FD-42E6-B3F1-06B665CBDFC0}.Release|anycpu.ActiveCfg = Release|anycpu
		{8C61B219-D3FD-42E6-B3F1-06B665CBDFC0}.Release|anycpu.Build.0 = Release|anycpu
	EndGlobalSection
EndGlobal
